
Microsoft Visual Studio Solution File, Format Version 12.00
# Visual Studio Version 17
VisualStudioVersion = 17.8.34316.72
MinimumVisualStudioVersion = 10.0.40219.1
Project("{FAE04EC0-301F-11D3-BF4B-00C04F79EFBC}") = "OAuthProject", "OAuthProject\OAuthProject.csproj", "{EA206BB6-D17D-4839-B9CB-BE46580F4E2F}"
EndProject
Global
	GlobalSection(SolutionConfigurationPlatforms) = preSolution
		Debug|Any CPU = Debug|Any CPU
		Release|Any CPU = Release|Any CPU
	EndGlobalSection
	GlobalSection(ProjectConfigurationPlatforms) = postSolution
		{EA206BB6-D17D-4839-B9CB-BE46580F4E2F}.Debug|Any CPU.ActiveCfg = Debug|Any CPU
		{EA206BB6-D17D-4839-B9CB-BE46580F4E2F}.Debug|Any CPU.Build.0 = Debug|Any CPU
		{EA206BB6-D17D-4839-B9CB-BE46580F4E2F}.Release|Any CPU.ActiveCfg = Release|Any CPU
		{EA206BB6-D17D-4839-B9CB-BE46580F4E2F}.Release|Any CPU.Build.0 = Release|Any CPU
	EndGlobalSection
	GlobalSection(SolutionProperties) = preSolution
		HideSolutionNode = FALSE
	EndGlobalSection
	GlobalSection(ExtensibilityGlobals) = postSolution
		SolutionGuid = {652EE19C-D3C5-4DBD-B3BD-AC6070E22BF2}
	EndGlobalSection
EndGlobal
